PODS:
  - Flutter (1.0.0)
  - integration_test (0.0.1):
    - Flutter
  - mega_blue (0.0.1):
    - Flutter
  - permission_handler_apple (9.1.1):
    - Flutter

DEPENDENCIES:
  - Flutter (from `Flutter`)
  - integration_test (from `.symlinks/plugins/integration_test/ios`)
  - mega_blue (from `.symlinks/plugins/mega_blue/ios`)
  - permission_handler_apple (from `.symlinks/plugins/permission_handler_apple/ios`)

EXTERNAL SOURCES:
  Flutter:
    :path: Flutter
  integration_test:
    :path: ".symlinks/plugins/integration_test/ios"
  mega_blue:
    :path: ".symlinks/plugins/mega_blue/ios"
  permission_handler_apple:
    :path: ".symlinks/plugins/permission_handler_apple/ios"

SPEC CHECKSUMS:
  Flutter: e0871f40cf51350855a761d2e70bf5af5b9b5de7
  integration_test: 13825b8a9334a850581300559b8839134b124670
  mega_blue: 958df4253a84f029783ab8a3e99dc66c6986e085
  permission_handler_apple: e76247795d700c14ea09e3a2d8855d41ee80a2e6

PODFILE CHECKSUM: d8c49904a9347adcef90f166520c3a31ad2e0453

COCOAPODS: 1.13.0
